
Microsoft Visual Studio Solution File, Format Version 12.00
# Visual Studio Version 17
VisualStudioVersion = 17.9.34723.18
MinimumVisualStudioVersion = 10.0.40219.1
Project("{8BC9CEB8-8B4A-11D0-8D11-00A0C91BC942}") = "(9)Encrypt Password in File", "(9)Encrypt Password in File\(9)Encrypt Password in File.vcxproj", "{47BCF254-4E79-42F7-B04B-52714B32C17C}"
EndProject
Global
	GlobalSection(SolutionConfigurationPlatforms) = preSolution
		Debug|x64 = Debug|x64
		Debug|x86 = Debug|x86
		Release|x64 = Release|x64
		Release|x86 = Release|x86
	EndGlobalSection
	GlobalSection(ProjectConfigurationPlatforms) = postSolution
		{47BCF254-4E79-42F7-B04B-52714B32C17C}.Debug|x64.ActiveCfg = Debug|x64
		{47BCF254-4E79-42F7-B04B-52714B32C17C}.Debug|x64.Build.0 = Debug|x64
		{47BCF254-4E79-42F7-B04B-52714B32C17C}.Debug|x86.ActiveCfg = Debug|Win32
		{47BCF254-4E79-42F7-B04B-52714B32C17C}.Debug|x86.Build.0 = Debug|Win32
		{47BCF254-4E79-42F7-B04B-52714B32C17C}.Release|x64.ActiveCfg = Release|x64
		{47BCF254-4E79-42F7-B04B-52714B32C17C}.Release|x64.Build.0 = Release|x64
		{47BCF254-4E79-42F7-B04B-52714B32C17C}.Release|x86.ActiveCfg = Release|Win32
		{47BCF254-4E79-42F7-B04B-52714B32C17C}.Release|x86.Build.0 = Release|Win32
	EndGlobalSection
	GlobalSection(SolutionProperties) = preSolution
		HideSolutionNode = FALSE
	EndGlobalSection
	GlobalSection(ExtensibilityGlobals) = postSolution
		SolutionGuid = {00781D92-A13C-44EE-9BAB-1FEA17E8212E}
	EndGlobalSection
EndGlobal
